
Microsoft Visual Studio Solution File, Format Version 12.00
# Visual Studio Version 16
VisualStudioVersion = 16.0.30709.132
MinimumVisualStudioVersion = 10.0.40219.1
Project("{FAE04EC0-301F-11D3-BF4B-00C04F79EFBC}") = "Zoo", "Zoo\Zoo.csproj", "{2AAA0708-3DC0-4FE5-A7E4-6FCFB631D8B9}"
EndProject
Global
	GlobalSection(SolutionConfigurationPlatforms) = preSolution
		Debug|Any CPU = Debug|Any CPU
		Release|Any CPU = Release|Any CPU
	EndGlobalSection
	GlobalSection(ProjectConfigurationPlatforms) = postSolution
		{2AAA0708-3DC0-4FE5-A7E4-6FCFB631D8B9}.Debug|Any CPU.ActiveCfg = Debug|Any CPU
		{2AAA0708-3DC0-4FE5-A7E4-6FCFB631D8B9}.Debug|Any CPU.Build.0 = Debug|Any CPU
		{2AAA0708-3DC0-4FE5-A7E4-6FCFB631D8B9}.Release|Any CPU.ActiveCfg = Release|Any CPU
		{2AAA0708-3DC0-4FE5-A7E4-6FCFB631D8B9}.Release|Any CPU.Build.0 = Release|Any CPU
	EndGlobalSection
	GlobalSection(SolutionProperties) = preSolution
		HideSolutionNode = FALSE
	EndGlobalSection
	GlobalSection(ExtensibilityGlobals) = postSolution
		SolutionGuid = {FC191DF2-C095-45BD-AF0F-54657E94D7AE}
	EndGlobalSection
EndGlobal
